
Microsoft Visual Studio Solution File, Format Version 12.00
# Visual Studio Version 16
VisualStudioVersion = 16.0.30011.22
MinimumVisualStudioVersion = 10.0.40219.1
Project("{FAE04EC0-301F-11D3-BF4B-00C04F79EFBC}") = "PRC_Phatv_3DView", "PRC_Phatv_3DView.csproj", "{297545DD-FBE6-4581-9344-9B9794B4CF06}"
EndProject
Project("{FAE04EC0-301F-11D3-BF4B-00C04F79EFBC}") = "LibPrc", "LibPrc\LibPrc.csproj", "{6B8024E6-ABC4-4AC5-82FD-4E9C30821360}"
EndProject
Global
	GlobalSection(SolutionConfigurationPlatforms) = preSolution
		Debug|Any CPU = Debug|Any CPU
		Release|Any CPU = Release|Any CPU
	EndGlobalSection
	GlobalSection(ProjectConfigurationPlatforms) = postSolution
		{297545DD-FBE6-4581-9344-9B9794B4CF06}.Debug|Any CPU.ActiveCfg = Debug|Any CPU
		{297545DD-FBE6-4581-9344-9B9794B4CF06}.Debug|Any CPU.Build.0 = Debug|Any CPU
		{297545DD-FBE6-4581-9344-9B9794B4CF06}.Release|Any CPU.ActiveCfg = Release|Any CPU
		{297545DD-FBE6-4581-9344-9B9794B4CF06}.Release|Any CPU.Build.0 = Release|Any CPU
		{6B8024E6-ABC4-4AC5-82FD-4E9C30821360}.Debug|Any CPU.ActiveCfg = Debug|Any CPU
		{6B8024E6-ABC4-4AC5-82FD-4E9C30821360}.Debug|Any CPU.Build.0 = Debug|Any CPU
		{6B8024E6-ABC4-4AC5-82FD-4E9C30821360}.Release|Any CPU.ActiveCfg = Release|Any CPU
		{6B8024E6-ABC4-4AC5-82FD-4E9C30821360}.Release|Any CPU.Build.0 = Release|Any CPU
	EndGlobalSection
	GlobalSection(SolutionProperties) = preSolution
		HideSolutionNode = FALSE
	EndGlobalSection
	GlobalSection(ExtensibilityGlobals) = postSolution
		SolutionGuid = {ABCEF4D5-A056-42C6-918C-B3B3E29962AE}
	EndGlobalSection
EndGlobal
